
Microsoft Visual Studio Solution File, Format Version 12.00
# Visual Studio Version 17
VisualStudioVersion = 17.6.33927.249
MinimumVisualStudioVersion = 10.0.40219.1
Project("{9A19103F-16F7-4668-BE54-9A1E7A4F7556}") = "WhosInSpace", "WhosInSpace\WhosInSpace.csproj", "{C5F7212D-A886-469B-9602-265A4D300F6F}"
EndProject
Project("{FAE04EC0-301F-11D3-BF4B-00C04F79EFBC}") = "WhosInSpaceRP", "WhosInSpaceRP\WhosInSpaceRP.csproj", "{64AA5C42-D0A4-47C1-ABE3-0B3E8805A22D}"
EndProject
Global
	GlobalSection(SolutionConfigurationPlatforms) = preSolution
		Debug|Any CPU = Debug|Any CPU
		Release|Any CPU = Release|Any CPU
	EndGlobalSection
	GlobalSection(ProjectConfigurationPlatforms) = postSolution
		{C5F7212D-A886-469B-9602-265A4D300F6F}.Debug|Any CPU.ActiveCfg = Debug|Any CPU
		{C5F7212D-A886-469B-9602-265A4D300F6F}.Debug|Any CPU.Build.0 = Debug|Any CPU
		{C5F7212D-A886-469B-9602-265A4D300F6F}.Release|Any CPU.ActiveCfg = Release|Any CPU
		{C5F7212D-A886-469B-9602-265A4D300F6F}.Release|Any CPU.Build.0 = Release|Any CPU
		{64AA5C42-D0A4-47C1-ABE3-0B3E8805A22D}.Debug|Any CPU.ActiveCfg = Debug|Any CPU
		{64AA5C42-D0A4-47C1-ABE3-0B3E8805A22D}.Debug|Any CPU.Build.0 = Debug|Any CPU
		{64AA5C42-D0A4-47C1-ABE3-0B3E8805A22D}.Release|Any CPU.ActiveCfg = Release|Any CPU
		{64AA5C42-D0A4-47C1-ABE3-0B3E8805A22D}.Release|Any CPU.Build.0 = Release|Any CPU
	EndGlobalSection
	GlobalSection(SolutionProperties) = preSolution
		HideSolutionNode = FALSE
	EndGlobalSection
	GlobalSection(ExtensibilityGlobals) = postSolution
		SolutionGuid = {072C67B0-D875-403C-A6FB-F08C4198D5AF}
	EndGlobalSection
EndGlobal
